
Microsoft Visual Studio Solution File, Format Version 12.00
# Visual Studio Version 16
VisualStudioVersion = 16.0.31410.357
MinimumVisualStudioVersion = 10.0.40219.1
Project("{FAE04EC0-301F-11D3-BF4B-00C04F79EFBC}") = "Insertion Sort", "Insertion Sort.csproj", "{AD19C03C-964B-42CD-8CB9-691367CA17DE}"
EndProject
Global
	GlobalSection(SolutionConfigurationPlatforms) = preSolution
		Debug|Any CPU = Debug|Any CPU
		Release|Any CPU = Release|Any CPU
	EndGlobalSection
	GlobalSection(ProjectConfigurationPlatforms) = postSolution
		{AD19C03C-964B-42CD-8CB9-691367CA17DE}.Debug|Any CPU.ActiveCfg = Debug|Any CPU
		{AD19C03C-964B-42CD-8CB9-691367CA17DE}.Debug|Any CPU.Build.0 = Debug|Any CPU
		{AD19C03C-964B-42CD-8CB9-691367CA17DE}.Release|Any CPU.ActiveCfg = Release|Any CPU
		{AD19C03C-964B-42CD-8CB9-691367CA17DE}.Release|Any CPU.Build.0 = Release|Any CPU
	EndGlobalSection
	GlobalSection(SolutionProperties) = preSolution
		HideSolutionNode = FALSE
	EndGlobalSection
	GlobalSection(ExtensibilityGlobals) = postSolution
		SolutionGuid = {2F3CB884-200F-4914-A1AA-934CD408BE26}
	EndGlobalSection
EndGlobal
